
Microsoft Visual Studio Solution File, Format Version 12.00
# Visual Studio 15
VisualStudioVersion = 15.0.28307.329
MinimumVisualStudioVersion = 10.0.40219.1
Project("{FAE04EC0-301F-11D3-BF4B-00C04F79EFBC}") = "AgendaWpf", "AgendaWpf\AgendaWpf.csproj", "{834218F9-4AEC-4B3C-80F4-8C12A3C6B3CC}"
EndProject
Global
	GlobalSection(SolutionConfigurationPlatforms) = preSolution
		Debug|Any CPU = Debug|Any CPU
		Release|Any CPU = Release|Any CPU
	EndGlobalSection
	GlobalSection(ProjectConfigurationPlatforms) = postSolution
		{834218F9-4AEC-4B3C-80F4-8C12A3C6B3CC}.Debug|Any CPU.ActiveCfg = Debug|Any CPU
		{834218F9-4AEC-4B3C-80F4-8C12A3C6B3CC}.Debug|Any CPU.Build.0 = Debug|Any CPU
		{834218F9-4AEC-4B3C-80F4-8C12A3C6B3CC}.Release|Any CPU.ActiveCfg = Release|Any CPU
		{834218F9-4AEC-4B3C-80F4-8C12A3C6B3CC}.Release|Any CPU.Build.0 = Release|Any CPU
	EndGlobalSection
	GlobalSection(SolutionProperties) = preSolution
		HideSolutionNode = FALSE
	EndGlobalSection
	GlobalSection(ExtensibilityGlobals) = postSolution
		SolutionGuid = {CCFBC307-4CF5-4232-8B4D-8CA594461D4E}
	EndGlobalSection
EndGlobal
